
Microsoft Visual Studio Solution File, Format Version 12.00
# Visual Studio Version 17
VisualStudioVersion = 17.1.32319.34
MinimumVisualStudioVersion = 10.0.40219.1
Project("{FAE04EC0-301F-11D3-BF4B-00C04F79EFBC}") = "MediatRCQRSDemo", "MediatRCQRSDemo.csproj", "{68126BCA-3A28-4D60-A602-98BF7E29ADA2}"
EndProject
Global
	GlobalSection(SolutionConfigurationPlatforms) = preSolution
		Debug|Any CPU = Debug|Any CPU
		Release|Any CPU = Release|Any CPU
	EndGlobalSection
	GlobalSection(ProjectConfigurationPlatforms) = postSolution
		{68126BCA-3A28-4D60-A602-98BF7E29ADA2}.Debug|Any CPU.ActiveCfg = Debug|Any CPU
		{68126BCA-3A28-4D60-A602-98BF7E29ADA2}.Debug|Any CPU.Build.0 = Debug|Any CPU
		{68126BCA-3A28-4D60-A602-98BF7E29ADA2}.Release|Any CPU.ActiveCfg = Release|Any CPU
		{68126BCA-3A28-4D60-A602-98BF7E29ADA2}.Release|Any CPU.Build.0 = Release|Any CPU
	EndGlobalSection
	GlobalSection(SolutionProperties) = preSolution
		HideSolutionNode = FALSE
	EndGlobalSection
	GlobalSection(ExtensibilityGlobals) = postSolution
		SolutionGuid = {74364294-28C7-4BDE-9650-12195F8CD993}
	EndGlobalSection
EndGlobal
